
Microsoft Visual Studio Solution File, Format Version 12.00
Project("{2150E333-8FDC-42A3-9474-1A3956D46DE8}") = "src", "src", "{812C252E-411D-4503-9890-F8FA015BCF2A}"
EndProject
Project("{FAE04EC0-301F-11D3-BF4B-00C04F79EFBC}") = "Api", "Api\Api.csproj", "{739CB85E-F1A9-4DD3-8CC3-0152CDE5DD40}"
EndProject
Project("{FAE04EC0-301F-11D3-BF4B-00C04F79EFBC}") = "Data", "Data\Data.csproj", "{5A6F3BC0-0BC3-4B68-BE5E-9E9189AF678B}"
EndProject
Project("{FAE04EC0-301F-11D3-BF4B-00C04F79EFBC}") = "Core", "Core\Core.csproj", "{A410C627-9068-4B9F-B55E-CB8037C51947}"
EndProject
Project("{FAE04EC0-301F-11D3-BF4B-00C04F79EFBC}") = "Infrastructure", "Infrastructure\Infrastructure.csproj", "{ABF437D3-28CB-43D9-8FD3-69C69652D69D}"
EndProject
Project("{2150E333-8FDC-42A3-9474-1A3956D46DE8}") = "tst", "tst", "{A69D8FAB-5BED-417D-891D-9D08FB2B27AC}"
EndProject
Project("{FAE04EC0-301F-11D3-BF4B-00C04F79EFBC}") = "E2e.Tests", "E2e.Tests\E2e.Tests.csproj", "{F685522A-972A-4CAB-BC96-0DBD59DDDB6D}"
EndProject
Project("{FAE04EC0-301F-11D3-BF4B-00C04F79EFBC}") = "Unit.Tests", "Unit.Tests\Unit.Tests.csproj", "{255E90D8-096A-4B82-A754-0BF4B31FC0B7}"
EndProject
Global
	GlobalSection(SolutionConfigurationPlatforms) = preSolution
		Debug|Any CPU = Debug|Any CPU
		Release|Any CPU = Release|Any CPU
	EndGlobalSection
	GlobalSection(NestedProjects) = preSolution
		{739CB85E-F1A9-4DD3-8CC3-0152CDE5DD40} = {812C252E-411D-4503-9890-F8FA015BCF2A}
		{5A6F3BC0-0BC3-4B68-BE5E-9E9189AF678B} = {812C252E-411D-4503-9890-F8FA015BCF2A}
		{A410C627-9068-4B9F-B55E-CB8037C51947} = {812C252E-411D-4503-9890-F8FA015BCF2A}
		{ABF437D3-28CB-43D9-8FD3-69C69652D69D} = {812C252E-411D-4503-9890-F8FA015BCF2A}
		{F685522A-972A-4CAB-BC96-0DBD59DDDB6D} = {A69D8FAB-5BED-417D-891D-9D08FB2B27AC}
		{255E90D8-096A-4B82-A754-0BF4B31FC0B7} = {A69D8FAB-5BED-417D-891D-9D08FB2B27AC}
	EndGlobalSection
	GlobalSection(ProjectConfigurationPlatforms) = postSolution
		{739CB85E-F1A9-4DD3-8CC3-0152CDE5DD40}.Debug|Any CPU.ActiveCfg = Debug|Any CPU
		{739CB85E-F1A9-4DD3-8CC3-0152CDE5DD40}.Debug|Any CPU.Build.0 = Debug|Any CPU
		{739CB85E-F1A9-4DD3-8CC3-0152CDE5DD40}.Release|Any CPU.ActiveCfg = Release|Any CPU
		{739CB85E-F1A9-4DD3-8CC3-0152CDE5DD40}.Release|Any CPU.Build.0 = Release|Any CPU
		{5A6F3BC0-0BC3-4B68-BE5E-9E9189AF678B}.Debug|Any CPU.ActiveCfg = Debug|Any CPU
		{5A6F3BC0-0BC3-4B68-BE5E-9E9189AF678B}.Debug|Any CPU.Build.0 = Debug|Any CPU
		{5A6F3BC0-0BC3-4B68-BE5E-9E9189AF678B}.Release|Any CPU.ActiveCfg = Release|Any CPU
		{5A6F3BC0-0BC3-4B68-BE5E-9E9189AF678B}.Release|Any CPU.Build.0 = Release|Any CPU
		{A410C627-9068-4B9F-B55E-CB8037C51947}.Debug|Any CPU.ActiveCfg = Debug|Any CPU
		{A410C627-9068-4B9F-B55E-CB8037C51947}.Debug|Any CPU.Build.0 = Debug|Any CPU
		{A410C627-9068-4B9F-B55E-CB8037C51947}.Release|Any CPU.ActiveCfg = Release|Any CPU
		{A410C627-9068-4B9F-B55E-CB8037C51947}.Release|Any CPU.Build.0 = Release|Any CPU
		{ABF437D3-28CB-43D9-8FD3-69C69652D69D}.Debug|Any CPU.ActiveCfg = Debug|Any CPU
		{ABF437D3-28CB-43D9-8FD3-69C69652D69D}.Debug|Any CPU.Build.0 = Debug|Any CPU
		{ABF437D3-28CB-43D9-8FD3-69C69652D69D}.Release|Any CPU.ActiveCfg = Release|Any CPU
		{ABF437D3-28CB-43D9-8FD3-69C69652D69D}.Release|Any CPU.Build.0 = Release|Any CPU
		{F685522A-972A-4CAB-BC96-0DBD59DDDB6D}.Debug|Any CPU.ActiveCfg = Debug|Any CPU
		{F685522A-972A-4CAB-BC96-0DBD59DDDB6D}.Debug|Any CPU.Build.0 = Debug|Any CPU
		{F685522A-972A-4CAB-BC96-0DBD59DDDB6D}.Release|Any CPU.ActiveCfg = Release|Any CPU
		{F685522A-972A-4CAB-BC96-0DBD59DDDB6D}.Release|Any CPU.Build.0 = Release|Any CPU
		{255E90D8-096A-4B82-A754-0BF4B31FC0B7}.Debug|Any CPU.ActiveCfg = Debug|Any CPU
		{255E90D8-096A-4B82-A754-0BF4B31FC0B7}.Debug|Any CPU.Build.0 = Debug|Any CPU
		{255E90D8-096A-4B82-A754-0BF4B31FC0B7}.Release|Any CPU.ActiveCfg = Release|Any CPU
		{255E90D8-096A-4B82-A754-0BF4B31FC0B7}.Release|Any CPU.Build.0 = Release|Any CPU
	EndGlobalSection
EndGlobal
